
Microsoft Visual Studio Solution File, Format Version 12.00
# Visual Studio Version 16
VisualStudioVersion = 16.0.30011.22
MinimumVisualStudioVersion = 10.0.40219.1
Project("{FAE04EC0-301F-11D3-BF4B-00C04F79EFBC}") = "Katerina", "Katerina.csproj", "{2BBBC56A-EBDB-478B-A007-2B84A382B736}"
EndProject
Global
	GlobalSection(SolutionConfigurationPlatforms) = preSolution
		Debug|Any CPU = Debug|Any CPU
		Release|Any CPU = Release|Any CPU
	EndGlobalSection
	GlobalSection(ProjectConfigurationPlatforms) = postSolution
		{2BBBC56A-EBDB-478B-A007-2B84A382B736}.Debug|Any CPU.ActiveCfg = Debug|Any CPU
		{2BBBC56A-EBDB-478B-A007-2B84A382B736}.Debug|Any CPU.Build.0 = Debug|Any CPU
		{2BBBC56A-EBDB-478B-A007-2B84A382B736}.Release|Any CPU.ActiveCfg = Release|Any CPU
		{2BBBC56A-EBDB-478B-A007-2B84A382B736}.Release|Any CPU.Build.0 = Release|Any CPU
	EndGlobalSection
	GlobalSection(SolutionProperties) = preSolution
		HideSolutionNode = FALSE
	EndGlobalSection
	GlobalSection(ExtensibilityGlobals) = postSolution
		SolutionGuid = {710F6865-4567-4D4C-81C3-B97559DDF2FD}
	EndGlobalSection
EndGlobal
