
Microsoft Visual Studio Solution File, Format Version 12.00
# Visual Studio Version 16
VisualStudioVersion = 16.0.29905.134
MinimumVisualStudioVersion = 10.0.40219.1
Project("{FAE04EC0-301F-11D3-BF4B-00C04F79EFBC}") = "EFDemoConsole", "EFDemoConsole\EFDemoConsole.csproj", "{7FDB2211-5E53-4438-8877-0304C7EC0337}"
EndProject
Project("{FAE04EC0-301F-11D3-BF4B-00C04F79EFBC}") = "HotelWebAPIService", "HotelWebAPIService\HotelWebAPIService.csproj", "{55B720AA-8B66-4990-9DA7-8D45AC9F6C06}"
EndProject
Global
	GlobalSection(SolutionConfigurationPlatforms) = preSolution
		Debug|Any CPU = Debug|Any CPU
		Release|Any CPU = Release|Any CPU
	EndGlobalSection
	GlobalSection(ProjectConfigurationPlatforms) = postSolution
		{7FDB2211-5E53-4438-8877-0304C7EC0337}.Debug|Any CPU.ActiveCfg = Debug|Any CPU
		{7FDB2211-5E53-4438-8877-0304C7EC0337}.Debug|Any CPU.Build.0 = Debug|Any CPU
		{7FDB2211-5E53-4438-8877-0304C7EC0337}.Release|Any CPU.ActiveCfg = Release|Any CPU
		{7FDB2211-5E53-4438-8877-0304C7EC0337}.Release|Any CPU.Build.0 = Release|Any CPU
		{55B720AA-8B66-4990-9DA7-8D45AC9F6C06}.Debug|Any CPU.ActiveCfg = Debug|Any CPU
		{55B720AA-8B66-4990-9DA7-8D45AC9F6C06}.Debug|Any CPU.Build.0 = Debug|Any CPU
		{55B720AA-8B66-4990-9DA7-8D45AC9F6C06}.Release|Any CPU.ActiveCfg = Release|Any CPU
		{55B720AA-8B66-4990-9DA7-8D45AC9F6C06}.Release|Any CPU.Build.0 = Release|Any CPU
	EndGlobalSection
	GlobalSection(SolutionProperties) = preSolution
		HideSolutionNode = FALSE
	EndGlobalSection
	GlobalSection(ExtensibilityGlobals) = postSolution
		SolutionGuid = {6D271A39-021F-4BDC-9178-DDBEF34BFF58}
	EndGlobalSection
EndGlobal
