
Microsoft Visual Studio Solution File, Format Version 12.00
# Visual Studio Version 16
VisualStudioVersion = 16.0.30804.86
MinimumVisualStudioVersion = 10.0.40219.1
Project("{FAE04EC0-301F-11D3-BF4B-00C04F79EFBC}") = "ArgosWebServices", "ArgosWebServices\ArgosWebServices.csproj", "{62E5AC44-DD3B-4FC0-BDC1-A17D4CB525BD}"
EndProject
Global
	GlobalSection(SolutionConfigurationPlatforms) = preSolution
		Debug|Any CPU = Debug|Any CPU
		Release|Any CPU = Release|Any CPU
	EndGlobalSection
	GlobalSection(ProjectConfigurationPlatforms) = postSolution
		{62E5AC44-DD3B-4FC0-BDC1-A17D4CB525BD}.Debug|Any CPU.ActiveCfg = Debug|Any CPU
		{62E5AC44-DD3B-4FC0-BDC1-A17D4CB525BD}.Debug|Any CPU.Build.0 = Debug|Any CPU
		{62E5AC44-DD3B-4FC0-BDC1-A17D4CB525BD}.Release|Any CPU.ActiveCfg = Release|Any CPU
		{62E5AC44-DD3B-4FC0-BDC1-A17D4CB525BD}.Release|Any CPU.Build.0 = Release|Any CPU
	EndGlobalSection
	GlobalSection(SolutionProperties) = preSolution
		HideSolutionNode = FALSE
	EndGlobalSection
	GlobalSection(ExtensibilityGlobals) = postSolution
		SolutionGuid = {DA5153C2-95EB-4440-8C08-F024CB1834DE}
	EndGlobalSection
EndGlobal
