
Microsoft Visual Studio Solution File, Format Version 12.00
# Visual Studio Version 16
VisualStudioVersion = 16.0.30011.22
MinimumVisualStudioVersion = 10.0.40219.1
Project("{FAE04EC0-301F-11D3-BF4B-00C04F79EFBC}") = "RestMeasurement", "RestMeasurement.csproj", "{412145FF-2DCA-450E-978D-54D1B8F4FC22}"
EndProject
Global
	GlobalSection(SolutionConfigurationPlatforms) = preSolution
		Debug|Any CPU = Debug|Any CPU
		Release|Any CPU = Release|Any CPU
	EndGlobalSection
	GlobalSection(ProjectConfigurationPlatforms) = postSolution
		{412145FF-2DCA-450E-978D-54D1B8F4FC22}.Debug|Any CPU.ActiveCfg = Debug|Any CPU
		{412145FF-2DCA-450E-978D-54D1B8F4FC22}.Debug|Any CPU.Build.0 = Debug|Any CPU
		{412145FF-2DCA-450E-978D-54D1B8F4FC22}.Release|Any CPU.ActiveCfg = Release|Any CPU
		{412145FF-2DCA-450E-978D-54D1B8F4FC22}.Release|Any CPU.Build.0 = Release|Any CPU
	EndGlobalSection
	GlobalSection(SolutionProperties) = preSolution
		HideSolutionNode = FALSE
	EndGlobalSection
	GlobalSection(ExtensibilityGlobals) = postSolution
		SolutionGuid = {52B27A8D-273A-46CB-8D5C-D4FC43D5EA39}
	EndGlobalSection
EndGlobal
