
Microsoft Visual Studio Solution File, Format Version 12.00
# Visual Studio Version 16
VisualStudioVersion = 16.0.30011.22
MinimumVisualStudioVersion = 10.0.40219.1
Project("{9A19103F-16F7-4668-BE54-9A1E7A4F7556}") = "CustomerExerciceWebApi", "CustomerExerciceWebApi.csproj", "{0C9CA634-8885-4E7E-B4F0-D38A7F29BDDB}"
EndProject
Project("{FAE04EC0-301F-11D3-BF4B-00C04F79EFBC}") = "XUnitTestCustomer", "..\XUnitTestCustomer\XUnitTestCustomer.csproj", "{8C945D9D-E575-4B6E-8ECB-9988EE87DF2C}"
EndProject
Global
	GlobalSection(SolutionConfigurationPlatforms) = preSolution
		Debug|Any CPU = Debug|Any CPU
		Release|Any CPU = Release|Any CPU
	EndGlobalSection
	GlobalSection(ProjectConfigurationPlatforms) = postSolution
		{0C9CA634-8885-4E7E-B4F0-D38A7F29BDDB}.Debug|Any CPU.ActiveCfg = Debug|Any CPU
		{0C9CA634-8885-4E7E-B4F0-D38A7F29BDDB}.Debug|Any CPU.Build.0 = Debug|Any CPU
		{0C9CA634-8885-4E7E-B4F0-D38A7F29BDDB}.Release|Any CPU.ActiveCfg = Release|Any CPU
		{0C9CA634-8885-4E7E-B4F0-D38A7F29BDDB}.Release|Any CPU.Build.0 = Release|Any CPU
		{8C945D9D-E575-4B6E-8ECB-9988EE87DF2C}.Debug|Any CPU.ActiveCfg = Debug|Any CPU
		{8C945D9D-E575-4B6E-8ECB-9988EE87DF2C}.Debug|Any CPU.Build.0 = Debug|Any CPU
		{8C945D9D-E575-4B6E-8ECB-9988EE87DF2C}.Release|Any CPU.ActiveCfg = Release|Any CPU
		{8C945D9D-E575-4B6E-8ECB-9988EE87DF2C}.Release|Any CPU.Build.0 = Release|Any CPU
	EndGlobalSection
	GlobalSection(SolutionProperties) = preSolution
		HideSolutionNode = FALSE
	EndGlobalSection
	GlobalSection(ExtensibilityGlobals) = postSolution
		SolutionGuid = {88DD5D63-F937-406E-9B40-1C2E8F4BEC37}
	EndGlobalSection
EndGlobal
