
Microsoft Visual Studio Solution File, Format Version 12.00
# Visual Studio Version 16
VisualStudioVersion = 16.0.30011.22
MinimumVisualStudioVersion = 10.0.40219.1
Project("{FAE04EC0-301F-11D3-BF4B-00C04F79EFBC}") = "HTMLExercice", "HTMLExercice\HTMLExercice.csproj", "{F1F7DF55-C098-44FE-B14B-7A5FEC43B5D8}"
EndProject
Global
	GlobalSection(SolutionConfigurationPlatforms) = preSolution
		Debug|Any CPU = Debug|Any CPU
		Release|Any CPU = Release|Any CPU
	EndGlobalSection
	GlobalSection(ProjectConfigurationPlatforms) = postSolution
		{F1F7DF55-C098-44FE-B14B-7A5FEC43B5D8}.Debug|Any CPU.ActiveCfg = Debug|Any CPU
		{F1F7DF55-C098-44FE-B14B-7A5FEC43B5D8}.Debug|Any CPU.Build.0 = Debug|Any CPU
		{F1F7DF55-C098-44FE-B14B-7A5FEC43B5D8}.Release|Any CPU.ActiveCfg = Release|Any CPU
		{F1F7DF55-C098-44FE-B14B-7A5FEC43B5D8}.Release|Any CPU.Build.0 = Release|Any CPU
	EndGlobalSection
	GlobalSection(SolutionProperties) = preSolution
		HideSolutionNode = FALSE
	EndGlobalSection
	GlobalSection(ExtensibilityGlobals) = postSolution
		SolutionGuid = {02FF2652-5595-4EA5-86EB-D858F8055D41}
	EndGlobalSection
EndGlobal
